// !$*UTF8*$!
{
	archiveVersion = 1;
	classes = {
	};
	objectVersion = 56;
	objects = {

/* Begin PBXBuildFile section */
		762C3F232C806E98D591207F /* Pods_CallerTests.framework in Frameworks */ = {isa = PBXBuildFile; fileRef = 9722A65951E3F0B763996A1D /* Pods_CallerTests.framework */; };
		871A1A285A00626287F2E06C /* Pods_Caller.framework in Frameworks */ = {isa = PBXBuildFile; fileRef = 06D993202C6F34A62ABFD05C /* Pods_Caller.framework */; };
		BB1BF09D2956A7CC00B84DF1 /* AppDelegate.swift in Sources */ = {isa = PBXBuildFile; fileRef = BB1BF09C2956A7CC00B84DF1 /* AppDelegate.swift */; };
		BB1BF0A12956A7CC00B84DF1 /* MainViewController.swift in Sources */ = {isa = PBXBuildFile; fileRef = BB1BF0A02956A7CC00B84DF1 /* MainViewController.swift */; };
		BB1BF0A62956A7CD00B84DF1 /* Assets.xcassets in Resources */ = {isa = PBXBuildFile; fileRef = BB1BF0A52956A7CD00B84DF1 /* Assets.xcassets */; };
		BB1BF0A92956A7CD00B84DF1 /* LaunchScreen.storyboard in Resources */ = {isa = PBXBuildFile; fileRef = BB1BF0A72956A7CD00B84DF1 /* LaunchScreen.storyboard */; };
		BB1BF0B42956A7CD00B84DF1 /* CallerTests.swift in Sources */ = {isa = PBXBuildFile; fileRef = BB1BF0B32956A7CD00B84DF1 /* CallerTests.swift */; };
		BB1BF0BE2956A7CD00B84DF1 /* CallerUITests.swift in Sources */ = {isa = PBXBuildFile; fileRef = BB1BF0BD2956A7CD00B84DF1 /* CallerUITests.swift */; };
		BB1BF0C02956A7CD00B84DF1 /* CallerUITestsLaunchTests.swift in Sources */ = {isa = PBXBuildFile; fileRef = BB1BF0BF2956A7CD00B84DF1 /* CallerUITestsLaunchTests.swift */; };
		BB1BF0CF2956A9F800B84DF1 /* AppFlow.swift in Sources */ = {isa = PBXBuildFile; fileRef = BB1BF0CE2956A9F800B84DF1 /* AppFlow.swift */; };
		BB1BF0D32956AA2E00B84DF1 /* BaseViewController.swift in Sources */ = {isa = PBXBuildFile; fileRef = BB1BF0D22956AA2E00B84DF1 /* BaseViewController.swift */; };
		BB1BF0D52956AA3B00B84DF1 /* BaseViewModel.swift in Sources */ = {isa = PBXBuildFile; fileRef = BB1BF0D42956AA3B00B84DF1 /* BaseViewModel.swift */; };
		BB1BF0D72956AA6700B84DF1 /* MainViewModel.swift in Sources */ = {isa = PBXBuildFile; fileRef = BB1BF0D62956AA6700B84DF1 /* MainViewModel.swift */; };
		BB1BF0D92956AB3000B84DF1 /* MainFlow.swift in Sources */ = {isa = PBXBuildFile; fileRef = BB1BF0D82956AB3000B84DF1 /* MainFlow.swift */; };
		BB1BF0DB2956AB8D00B84DF1 /* AppLog.swift in Sources */ = {isa = PBXBuildFile; fileRef = BB1BF0DA2956AB8D00B84DF1 /* AppLog.swift */; };
/* End PBXBuildFile section */

/* Begin PBXContainerItemProxy section */
		BB1BF0B02956A7CD00B84DF1 /* PBXContainerItemProxy */ = {
			isa = PBXContainerItemProxy;
			containerPortal = BB1BF0912956A7CC00B84DF1 /* Project object */;
			proxyType = 1;
			remoteGlobalIDString = BB1BF0982956A7CC00B84DF1;
			remoteInfo = Caller;
		};
		BB1BF0BA2956A7CD00B84DF1 /* PBXContainerItemProxy */ = {
			isa = PBXContainerItemProxy;
			containerPortal = BB1BF0912956A7CC00B84DF1 /* Project object */;
			proxyType = 1;
			remoteGlobalIDString = BB1BF0982956A7CC00B84DF1;
			remoteInfo = Caller;
		};
/* End PBXContainerItemProxy section */

/* Begin PBXFileReference section */
		06D993202C6F34A62ABFD05C /* Pods_Caller.framework */ = {isa = PBXFileReference; explicitFileType = wrapper.framework; includeInIndex = 0; path = Pods_Caller.framework; sourceTree = BUILT_PRODUCTS_DIR; };
		07F133DA3BC41AD3614F3D70 /* Pods-Caller.debug.xcconfig */ = {isa = PBXFileReference; includeInIndex = 1; lastKnownFileType = text.xcconfig; name = "Pods-Caller.debug.xcconfig"; path = "Target Support Files/Pods-Caller/Pods-Caller.debug.xcconfig"; sourceTree = "<group>"; };
		3FE8C0C89D2F68A3E6783332 /* Pods-CallerTests.debug.xcconfig */ = {isa = PBXFileReference; includeInIndex = 1; lastKnownFileType = text.xcconfig; name = "Pods-CallerTests.debug.xcconfig"; path = "Target Support Files/Pods-CallerTests/Pods-CallerTests.debug.xcconfig"; sourceTree = "<group>"; };
		55B4EC757DF7FBC45E3CAB25 /* Pods-Caller.release.xcconfig */ = {isa = PBXFileReference; includeInIndex = 1; lastKnownFileType = text.xcconfig; name = "Pods-Caller.release.xcconfig"; path = "Target Support Files/Pods-Caller/Pods-Caller.release.xcconfig"; sourceTree = "<group>"; };
		9722A65951E3F0B763996A1D /* Pods_CallerTests.framework */ = {isa = PBXFileReference; explicitFileType = wrapper.framework; includeInIndex = 0; path = Pods_CallerTests.framework; sourceTree = BUILT_PRODUCTS_DIR; };
		BB1BF0992956A7CC00B84DF1 /* Caller.app */ = {isa = PBXFileReference; explicitFileType = wrapper.application; includeInIndex = 0; path = Caller.app; sourceTree = BUILT_PRODUCTS_DIR; };
		BB1BF09C2956A7CC00B84DF1 /* AppDelegate.swift */ = {isa = PBXFileReference; lastKnownFileType = sourcecode.swift; path = AppDelegate.swift; sourceTree = "<group>"; };
		BB1BF0A02956A7CC00B84DF1 /* MainViewController.swift */ = {isa = PBXFileReference; lastKnownFileType = sourcecode.swift; path = MainViewController.swift; sourceTree = "<group>"; };
		BB1BF0A52956A7CD00B84DF1 /* Assets.xcassets */ = {isa = PBXFileReference; lastKnownFileType = folder.assetcatalog; path = Assets.xcassets; sourceTree = "<group>"; };
		BB1BF0A82956A7CD00B84DF1 /* Base */ = {isa = PBXFileReference; lastKnownFileType = file.storyboard; name = Base; path = Base.lproj/LaunchScreen.storyboard; sourceTree = "<group>"; };
		BB1BF0AA2956A7CD00B84DF1 /* Info.plist */ = {isa = PBXFileReference; lastKnownFileType = text.plist.xml; path = Info.plist; sourceTree = "<group>"; };
		BB1BF0AF2956A7CD00B84DF1 /* CallerTests.xctest */ = {isa = PBXFileReference; explicitFileType = wrapper.cfbundle; includeInIndex = 0; path = CallerTests.xctest; sourceTree = BUILT_PRODUCTS_DIR; };
		BB1BF0B32956A7CD00B84DF1 /* CallerTests.swift */ = {isa = PBXFileReference; lastKnownFileType = sourcecode.swift; path = CallerTests.swift; sourceTree = "<group>"; };
		BB1BF0B92956A7CD00B84DF1 /* CallerUITests.xctest */ = {isa = PBXFileReference; explicitFileType = wrapper.cfbundle; includeInIndex = 0; path = CallerUITests.xctest; sourceTree = BUILT_PRODUCTS_DIR; };
		BB1BF0BD2956A7CD00B84DF1 /* CallerUITests.swift */ = {isa = PBXFileReference; lastKnownFileType = sourcecode.swift; path = CallerUITests.swift; sourceTree = "<group>"; };
		BB1BF0BF2956A7CD00B84DF1 /* CallerUITestsLaunchTests.swift */ = {isa = PBXFileReference; lastKnownFileType = sourcecode.swift; path = CallerUITestsLaunchTests.swift; sourceTree = "<group>"; };
		BB1BF0CE2956A9F800B84DF1 /* AppFlow.swift */ = {isa = PBXFileReference; lastKnownFileType = sourcecode.swift; path = AppFlow.swift; sourceTree = "<group>"; };
		BB1BF0D22956AA2E00B84DF1 /* BaseViewController.swift */ = {isa = PBXFileReference; lastKnownFileType = sourcecode.swift; path = BaseViewController.swift; sourceTree = "<group>"; };
		BB1BF0D42956AA3B00B84DF1 /* BaseViewModel.swift */ = {isa = PBXFileReference; lastKnownFileType = sourcecode.swift; path = BaseViewModel.swift; sourceTree = "<group>"; };
		BB1BF0D62956AA6700B84DF1 /* MainViewModel.swift */ = {isa = PBXFileReference; lastKnownFileType = sourcecode.swift; path = MainViewModel.swift; sourceTree = "<group>"; };
		BB1BF0D82956AB3000B84DF1 /* MainFlow.swift */ = {isa = PBXFileReference; lastKnownFileType = sourcecode.swift; path = MainFlow.swift; sourceTree = "<group>"; };
		BB1BF0DA2956AB8D00B84DF1 /* AppLog.swift */ = {isa = PBXFileReference; lastKnownFileType = sourcecode.swift; path = AppLog.swift; sourceTree = "<group>"; };
		D069F2E8D27E6909D42F4BC1 /* Pods-CallerTests.release.xcconfig */ = {isa = PBXFileReference; includeInIndex = 1; lastKnownFileType = text.xcconfig; name = "Pods-CallerTests.release.xcconfig"; path = "Target Support Files/Pods-CallerTests/Pods-CallerTests.release.xcconfig"; sourceTree = "<group>"; };
/* End PBXFileReference section */

/* Begin PBXFrameworksBuildPhase section */
		BB1BF0962956A7CC00B84DF1 /* Frameworks */ = {
			isa = PBXFrameworksBuildPhase;
			buildActionMask = 2147483647;
			files = (
				871A1A285A00626287F2E06C /* Pods_Caller.framework in Frameworks */,
			);
			runOnlyForDeploymentPostprocessing = 0;
		};
		BB1BF0AC2956A7CD00B84DF1 /* Frameworks */ = {
			isa = PBXFrameworksBuildPhase;
			buildActionMask = 2147483647;
			files = (
				762C3F232C806E98D591207F /* Pods_CallerTests.framework in Frameworks */,
			);
			runOnlyForDeploymentPostprocessing = 0;
		};
		BB1BF0B62956A7CD00B84DF1 /* Frameworks */ = {
			isa = PBXFrameworksBuildPhase;
			buildActionMask = 2147483647;
			files = (
			);
			runOnlyForDeploymentPostprocessing = 0;
		};
/* End PBXFrameworksBuildPhase section */

/* Begin PBXGroup section */
		B6AE4E535B715D894EC613AB /* Pods */ = {
			isa = PBXGroup;
			children = (
				07F133DA3BC41AD3614F3D70 /* Pods-Caller.debug.xcconfig */,
				55B4EC757DF7FBC45E3CAB25 /* Pods-Caller.release.xcconfig */,
				3FE8C0C89D2F68A3E6783332 /* Pods-CallerTests.debug.xcconfig */,
				D069F2E8D27E6909D42F4BC1 /* Pods-CallerTests.release.xcconfig */,
			);
			path = Pods;
			sourceTree = "<group>";
		};
		BB1BF0902956A7CC00B84DF1 = {
			isa = PBXGroup;
			children = (
				BB1BF09B2956A7CC00B84DF1 /* Caller */,
				BB1BF0B22956A7CD00B84DF1 /* CallerTests */,
				BB1BF0BC2956A7CD00B84DF1 /* CallerUITests */,
				BB1BF09A2956A7CC00B84DF1 /* Products */,
				B6AE4E535B715D894EC613AB /* Pods */,
				FBBCF720C22DDB65EA4FE0E2 /* Frameworks */,
			);
			sourceTree = "<group>";
		};
		BB1BF09A2956A7CC00B84DF1 /* Products */ = {
			isa = PBXGroup;
			children = (
				BB1BF0992956A7CC00B84DF1 /* Caller.app */,
				BB1BF0AF2956A7CD00B84DF1 /* CallerTests.xctest */,
				BB1BF0B92956A7CD00B84DF1 /* CallerUITests.xctest */,
			);
			name = Products;
			sourceTree = "<group>";
		};
		BB1BF09B2956A7CC00B84DF1 /* Caller */ = {
			isa = PBXGroup;
			children = (
				BB1BF0D02956AA1500B84DF1 /* Library */,
				BB1BF0CD2956A9EC00B84DF1 /* Flow */,
				BB1BF0CC2956A9E700B84DF1 /* Controller */,
				BB1BF09C2956A7CC00B84DF1 /* AppDelegate.swift */,
				BB1BF0A52956A7CD00B84DF1 /* Assets.xcassets */,
				BB1BF0A72956A7CD00B84DF1 /* LaunchScreen.storyboard */,
				BB1BF0AA2956A7CD00B84DF1 /* Info.plist */,
			);
			path = Caller;
			sourceTree = "<group>";
		};
		BB1BF0B22956A7CD00B84DF1 /* CallerTests */ = {
			isa = PBXGroup;
			children = (
				BB1BF0B32956A7CD00B84DF1 /* CallerTests.swift */,
			);
			path = CallerTests;
			sourceTree = "<group>";
		};
		BB1BF0BC2956A7CD00B84DF1 /* CallerUITests */ = {
			isa = PBXGroup;
			children = (
				BB1BF0BD2956A7CD00B84DF1 /* CallerUITests.swift */,
				BB1BF0BF2956A7CD00B84DF1 /* CallerUITestsLaunchTests.swift */,
			);
			path = CallerUITests;
			sourceTree = "<group>";
		};
		BB1BF0CC2956A9E700B84DF1 /* Controller */ = {
			isa = PBXGroup;
			children = (
				BB1BF0A02956A7CC00B84DF1 /* MainViewController.swift */,
				BB1BF0D62956AA6700B84DF1 /* MainViewModel.swift */,
			);
			path = Controller;
			sourceTree = "<group>";
		};
		BB1BF0CD2956A9EC00B84DF1 /* Flow */ = {
			isa = PBXGroup;
			children = (
				BB1BF0CE2956A9F800B84DF1 /* AppFlow.swift */,
				BB1BF0D82956AB3000B84DF1 /* MainFlow.swift */,
			);
			path = Flow;
			sourceTree = "<group>";
		};
		BB1BF0D02956AA1500B84DF1 /* Library */ = {
			isa = PBXGroup;
			children = (
				BB1BF0D12956AA1C00B84DF1 /* Base */,
				BB1BF0DA2956AB8D00B84DF1 /* AppLog.swift */,
			);
			path = Library;
			sourceTree = "<group>";
		};
		BB1BF0D12956AA1C00B84DF1 /* Base */ = {
			isa = PBXGroup;
			children = (
				BB1BF0D22956AA2E00B84DF1 /* BaseViewController.swift */,
				BB1BF0D42956AA3B00B84DF1 /* BaseViewModel.swift */,
			);
			path = Base;
			sourceTree = "<group>";
		};
		FBBCF720C22DDB65EA4FE0E2 /* Frameworks */ = {
			isa = PBXGroup;
			children = (
				06D993202C6F34A62ABFD05C /* Pods_Caller.framework */,
				9722A65951E3F0B763996A1D /* Pods_CallerTests.framework */,
			);
			name = Frameworks;
			sourceTree = "<group>";
		};
/* End PBXGroup section */

/* Begin PBXNativeTarget section */
		BB1BF0982956A7CC00B84DF1 /* Caller */ = {
			isa = PBXNativeTarget;
			buildConfigurationList = BB1BF0C32956A7CD00B84DF1 /* Build configuration list for PBXNativeTarget "Caller" */;
			buildPhases = (
				C5FE78E5728E4A1B351F30BB /* [CP] Check Pods Manifest.lock */,
				BB1BF0952956A7CC00B84DF1 /* Sources */,
				BB1BF0962956A7CC00B84DF1 /* Frameworks */,
				BB1BF0972956A7CC00B84DF1 /* Resources */,
				856237B9A3A187B86C211EEA /* [CP] Embed Pods Frameworks */,
			);
			buildRules = (
			);
			dependencies = (
			);
			name = Caller;
			productName = Caller;
			productReference = BB1BF0992956A7CC00B84DF1 /* Caller.app */;
			productType = "com.apple.product-type.application";
		};
		BB1BF0AE2956A7CD00B84DF1 /* CallerTests */ = {
			isa = PBXNativeTarget;
			buildConfigurationList = BB1BF0C62956A7CD00B84DF1 /* Build configuration list for PBXNativeTarget "CallerTests" */;
			buildPhases = (
				F241C349D837E5DFF625DA38 /* [CP] Check Pods Manifest.lock */,
				BB1BF0AB2956A7CD00B84DF1 /* Sources */,
				BB1BF0AC2956A7CD00B84DF1 /* Frameworks */,
				BB1BF0AD2956A7CD00B84DF1 /* Resources */,
			);
			buildRules = (
			);
			dependencies = (
				BB1BF0B12956A7CD00B84DF1 /* PBXTargetDependency */,
			);
			name = CallerTests;
			productName = CallerTests;
			productReference = BB1BF0AF2956A7CD00B84DF1 /* CallerTests.xctest */;
			productType = "com.apple.product-type.bundle.unit-test";
		};
		BB1BF0B82956A7CD00B84DF1 /* CallerUITests */ = {
			isa = PBXNativeTarget;
			buildConfigurationList = BB1BF0C92956A7CD00B84DF1 /* Build configuration list for PBXNativeTarget "CallerUITests" */;
			buildPhases = (
				BB1BF0B52956A7CD00B84DF1 /* Sources */,
				BB1BF0B62956A7CD00B84DF1 /* Frameworks */,
				BB1BF0B72956A7CD00B84DF1 /* Resources */,
			);
			buildRules = (
			);
			dependencies = (
				BB1BF0BB2956A7CD00B84DF1 /* PBXTargetDependency */,
			);
			name = CallerUITests;
			productName = CallerUITests;
			productReference = BB1BF0B92956A7CD00B84DF1 /* CallerUITests.xctest */;
			productType = "com.apple.product-type.bundle.ui-testing";
		};
/* End PBXNativeTarget section */

/* Begin PBXProject section */
		BB1BF0912956A7CC00B84DF1 /* Project object */ = {
			isa = PBXProject;
			attributes = {
				BuildIndependentTargetsInParallel = 1;
				LastSwiftUpdateCheck = 1400;
				LastUpgradeCheck = 1400;
				TargetAttributes = {
					BB1BF0982956A7CC00B84DF1 = {
						CreatedOnToolsVersion = 14.0.1;
					};
					BB1BF0AE2956A7CD00B84DF1 = {
						CreatedOnToolsVersion = 14.0.1;
						TestTargetID = BB1BF0982956A7CC00B84DF1;
					};
					BB1BF0B82956A7CD00B84DF1 = {
						CreatedOnToolsVersion = 14.0.1;
						TestTargetID = BB1BF0982956A7CC00B84DF1;
					};
				};
			};
			buildConfigurationList = BB1BF0942956A7CC00B84DF1 /* Build configuration list for PBXProject "Caller" */;
			compatibilityVersion = "Xcode 14.0";
			developmentRegion = en;
			hasScannedForEncodings = 0;
			knownRegions = (
				en,
				Base,
			);
			mainGroup = BB1BF0902956A7CC00B84DF1;
			productRefGroup = BB1BF09A2956A7CC00B84DF1 /* Products */;
			projectDirPath = "";
			projectRoot = "";
			targets = (
				BB1BF0982956A7CC00B84DF1 /* Caller */,
				BB1BF0AE2956A7CD00B84DF1 /* CallerTests */,
				BB1BF0B82956A7CD00B84DF1 /* CallerUITests */,
			);
		};
/* End PBXProject section */

/* Begin PBXResourcesBuildPhase section */
		BB1BF0972956A7CC00B84DF1 /* Resources */ = {
			isa = PBXResourcesBuildPhase;
			buildActionMask = 2147483647;
			files = (
				BB1BF0A92956A7CD00B84DF1 /* LaunchScreen.storyboard in Resources */,
				BB1BF0A62956A7CD00B84DF1 /* Assets.xcassets in Resources */,
			);
			runOnlyForDeploymentPostprocessing = 0;
		};
		BB1BF0AD2956A7CD00B84DF1 /* Resources */ = {
			isa = PBXResourcesBuildPhase;
			buildActionMask = 2147483647;
			files = (
			);
			runOnlyForDeploymentPostprocessing = 0;
		};
		BB1BF0B72956A7CD00B84DF1 /* Resources */ = {
			isa = PBXResourcesBuildPhase;
			buildActionMask = 2147483647;
			files = (
			);
			runOnlyForDeploymentPostprocessing = 0;
		};
/* End PBXResourcesBuildPhase section */

/* Begin PBXShellScriptBuildPhase section */
		856237B9A3A187B86C211EEA /* [CP] Embed Pods Frameworks */ = {
			isa = PBXShellScriptBuildPhase;
			buildActionMask = 2147483647;
			files = (
			);
			inputFileListPaths = (
				"${PODS_ROOT}/Target Support Files/Pods-Caller/Pods-Caller-frameworks-${CONFIGURATION}-input-files.xcfilelist",
			);
			name = "[CP] Embed Pods Frameworks";
			outputFileListPaths = (
				"${PODS_ROOT}/Target Support Files/Pods-Caller/Pods-Caller-frameworks-${CONFIGURATION}-output-files.xcfilelist",
			);
			runOnlyForDeploymentPostprocessing = 0;
			shellPath = /bin/sh;
			shellScript = "\"${PODS_ROOT}/Target Support Files/Pods-Caller/Pods-Caller-frameworks.sh\"\n";
			showEnvVarsInLog = 0;
		};
		C5FE78E5728E4A1B351F30BB /* [CP] Check Pods Manifest.lock */ = {
			isa = PBXShellScriptBuildPhase;
			buildActionMask = 2147483647;
			files = (
			);
			inputFileListPaths = (
			);
			inputPaths = (
				"${PODS_PODFILE_DIR_PATH}/Podfile.lock",
				"${PODS_ROOT}/Manifest.lock",
			);
			name = "[CP] Check Pods Manifest.lock";
			outputFileListPaths = (
			);
			outputPaths = (
				"$(DERIVED_FILE_DIR)/Pods-Caller-checkManifestLockResult.txt",
			);
			runOnlyForDeploymentPostprocessing = 0;
			shellPath = /bin/sh;
			shellScript = "diff \"${PODS_PODFILE_DIR_PATH}/Podfile.lock\" \"${PODS_ROOT}/Manifest.lock\" > /dev/null\nif [ $? != 0 ] ; then\n    # print error to STDERR\n    echo \"error: The sandbox is not in sync with the Podfile.lock. Run 'pod install' or update your CocoaPods installation.\" >&2\n    exit 1\nfi\n# This output is used by Xcode 'outputs' to avoid re-running this script phase.\necho \"SUCCESS\" > \"${SCRIPT_OUTPUT_FILE_0}\"\n";
			showEnvVarsInLog = 0;
		};
		F241C349D837E5DFF625DA38 /* [CP] Check Pods Manifest.lock */ = {
			isa = PBXShellScriptBuildPhase;
			buildActionMask = 2147483647;
			files = (
			);
			inputFileListPaths = (
			);
			inputPaths = (
				"${PODS_PODFILE_DIR_PATH}/Podfile.lock",
				"${PODS_ROOT}/Manifest.lock",
			);
			name = "[CP] Check Pods Manifest.lock";
			outputFileListPaths = (
			);
			outputPaths = (
				"$(DERIVED_FILE_DIR)/Pods-CallerTests-checkManifestLockResult.txt",
			);
			runOnlyForDeploymentPostprocessing = 0;
			shellPath = /bin/sh;
			shellScript = "diff \"${PODS_PODFILE_DIR_PATH}/Podfile.lock\" \"${PODS_ROOT}/Manifest.lock\" > /dev/null\nif [ $? != 0 ] ; then\n    # print error to STDERR\n    echo \"error: The sandbox is not in sync with the Podfile.lock. Run 'pod install' or update your CocoaPods installation.\" >&2\n    exit 1\nfi\n# This output is used by Xcode 'outputs' to avoid re-running this script phase.\necho \"SUCCESS\" > \"${SCRIPT_OUTPUT_FILE_0}\"\n";
			showEnvVarsInLog = 0;
		};
/* End PBXShellScriptBuildPhase section */

/* Begin PBXSourcesBuildPhase section */
		BB1BF0952956A7CC00B84DF1 /* Sources */ = {
			isa = PBXSourcesBuildPhase;
			buildActionMask = 2147483647;
			files = (
				BB1BF0A12956A7CC00B84DF1 /* MainViewController.swift in Sources */,
				BB1BF0D52956AA3B00B84DF1 /* BaseViewModel.swift in Sources */,
				BB1BF0DB2956AB8D00B84DF1 /* AppLog.swift in Sources */,
				BB1BF0D92956AB3000B84DF1 /* MainFlow.swift in Sources */,
				BB1BF0D32956AA2E00B84DF1 /* BaseViewController.swift in Sources */,
				BB1BF0CF2956A9F800B84DF1 /* AppFlow.swift in Sources */,
				BB1BF09D2956A7CC00B84DF1 /* AppDelegate.swift in Sources */,
				BB1BF0D72956AA6700B84DF1 /* MainViewModel.swift in Sources */,
			);
			runOnlyForDeploymentPostprocessing = 0;
		};
		BB1BF0AB2956A7CD00B84DF1 /* Sources */ = {
			isa = PBXSourcesBuildPhase;
			buildActionMask = 2147483647;
			files = (
				BB1BF0B42956A7CD00B84DF1 /* CallerTests.swift in Sources */,
			);
			runOnlyForDeploymentPostprocessing = 0;
		};
		BB1BF0B52956A7CD00B84DF1 /* Sources */ = {
			isa = PBXSourcesBuildPhase;
			buildActionMask = 2147483647;
			files = (
				BB1BF0BE2956A7CD00B84DF1 /* CallerUITests.swift in Sources */,
				BB1BF0C02956A7CD00B84DF1 /* CallerUITestsLaunchTests.swift in Sources */,
			);
			runOnlyForDeploymentPostprocessing = 0;
		};
/* End PBXSourcesBuildPhase section */

/* Begin PBXTargetDependency section */
		BB1BF0B12956A7CD00B84DF1 /* PBXTargetDependency */ = {
			isa = PBXTargetDependency;
			target = BB1BF0982956A7CC00B84DF1 /* Caller */;
			targetProxy = BB1BF0B02956A7CD00B84DF1 /* PBXContainerItemProxy */;
		};
		BB1BF0BB2956A7CD00B84DF1 /* PBXTargetDependency */ = {
			isa = PBXTargetDependency;
			target = BB1BF0982956A7CC00B84DF1 /* Caller */;
			targetProxy = BB1BF0BA2956A7CD00B84DF1 /* PBXContainerItemProxy */;
		};
/* End PBXTargetDependency section */

/* Begin PBXVariantGroup section */
		BB1BF0A72956A7CD00B84DF1 /* LaunchScreen.storyboard */ = {
			isa = PBXVariantGroup;
			children = (
				BB1BF0A82956A7CD00B84DF1 /* Base */,
			);
			name = LaunchScreen.storyboard;
			sourceTree = "<group>";
		};
/* End PBXVariantGroup section */

/* Begin XCBuildConfiguration section */
		BB1BF0C12956A7CD00B84DF1 /* Debug */ = {
			isa = XCBuildConfiguration;
			buildSettings = {
				ALWAYS_SEARCH_USER_PATHS = NO;
				CLANG_ANALYZER_NONNULL = YES;
				CLANG_ANALYZER_NUMBER_OBJECT_CONVERSION = YES_AGGRESSIVE;
				CLANG_CXX_LANGUAGE_STANDARD = "gnu++20";
				CLANG_ENABLE_MODULES = YES;
				CLANG_ENABLE_OBJC_ARC = YES;
				CLANG_ENABLE_OBJC_WEAK = YES;
				CLANG_WARN_BLOCK_CAPTURE_AUTORELEASING = YES;
				CLANG_WARN_BOOL_CONVERSION = YES;
				CLANG_WARN_COMMA = YES;
				CLANG_WARN_CONSTANT_CONVERSION = YES;
				CLANG_WARN_DEPRECATED_OBJC_IMPLEMENTATIONS = YES;
				CLANG_WARN_DIRECT_OBJC_ISA_USAGE = YES_ERROR;
				CLANG_WARN_DOCUMENTATION_COMMENTS = YES;
				CLANG_WARN_EMPTY_BODY = YES;
				CLANG_WARN_ENUM_CONVERSION = YES;
				CLANG_WARN_INFINITE_RECURSION = YES;
				CLANG_WARN_INT_CONVERSION = YES;
				CLANG_WARN_NON_LITERAL_NULL_CONVERSION = YES;
				CLANG_WARN_OBJC_IMPLICIT_RETAIN_SELF = YES;
				CLANG_WARN_OBJC_LITERAL_CONVERSION = YES;
				CLANG_WARN_OBJC_ROOT_CLASS = YES_ERROR;
				CLANG_WARN_QUOTED_INCLUDE_IN_FRAMEWORK_HEADER = YES;
				CLANG_WARN_RANGE_LOOP_ANALYSIS = YES;
				CLANG_WARN_STRICT_PROTOTYPES = YES;
				CLANG_WARN_SUSPICIOUS_MOVE = YES;
				CLANG_WARN_UNGUARDED_AVAILABILITY = YES_AGGRESSIVE;
				CLANG_WARN_UNREACHABLE_CODE = YES;
				CLANG_WARN__DUPLICATE_METHOD_MATCH = YES;
				COPY_PHASE_STRIP = NO;
				DEBUG_INFORMATION_FORMAT = dwarf;
				ENABLE_STRICT_OBJC_MSGSEND = YES;
				ENABLE_TESTABILITY = YES;
				GCC_C_LANGUAGE_STANDARD = gnu11;
				GCC_DYNAMIC_NO_PIC = NO;
				GCC_NO_COMMON_BLOCKS = YES;
				GCC_OPTIMIZATION_LEVEL = 0;
				GCC_PREPROCESSOR_DEFINITIONS = (
					"DEBUG=1",
					"$(inherited)",
				);
				GCC_WARN_64_TO_32_BIT_CONVERSION = YES;
				GCC_WARN_ABOUT_RETURN_TYPE = YES_ERROR;
				GCC_WARN_UNDECLARED_SELECTOR = YES;
				GCC_WARN_UNINITIALIZED_AUTOS = YES_AGGRESSIVE;
				GCC_WARN_UNUSED_FUNCTION = YES;
				GCC_WARN_UNUSED_VARIABLE = YES;
				IPHONEOS_DEPLOYMENT_TARGET = 12.0;
				MTL_ENABLE_DEBUG_INFO = INCLUDE_SOURCE;
				MTL_FAST_MATH = YES;
				ONLY_ACTIVE_ARCH = YES;
				SDKROOT = iphoneos;
				SWIFT_ACTIVE_COMPILATION_CONDITIONS = DEBUG;
				SWIFT_OPTIMIZATION_LEVEL = "-Onone";
			};
			name = Debug;
		};
		BB1BF0C22956A7CD00B84DF1 /* Release */ = {
			isa = XCBuildConfiguration;
			buildSettings = {
				ALWAYS_SEARCH_USER_PATHS = NO;
				CLANG_ANALYZER_NONNULL = YES;
				CLANG_ANALYZER_NUMBER_OBJECT_CONVERSION = YES_AGGRESSIVE;
				CLANG_CXX_LANGUAGE_STANDARD = "gnu++20";
				CLANG_ENABLE_MODULES = YES;
				CLANG_ENABLE_OBJC_ARC = YES;
				CLANG_ENABLE_OBJC_WEAK = YES;
				CLANG_WARN_BLOCK_CAPTURE_AUTORELEASING = YES;
				CLANG_WARN_BOOL_CONVERSION = YES;
				CLANG_WARN_COMMA = YES;
				CLANG_WARN_CONSTANT_CONVERSION = YES;
				CLANG_WARN_DEPRECATED_OBJC_IMPLEMENTATIONS = YES;
				CLANG_WARN_DIRECT_OBJC_ISA_USAGE = YES_ERROR;
				CLANG_WARN_DOCUMENTATION_COMMENTS = YES;
				CLANG_WARN_EMPTY_BODY = YES;
				CLANG_WARN_ENUM_CONVERSION = YES;
				CLANG_WARN_INFINITE_RECURSION = YES;
				CLANG_WARN_INT_CONVERSION = YES;
				CLANG_WARN_NON_LITERAL_NULL_CONVERSION = YES;
				CLANG_WARN_OBJC_IMPLICIT_RETAIN_SELF = YES;
				CLANG_WARN_OBJC_LITERAL_CONVERSION = YES;
				CLANG_WARN_OBJC_ROOT_CLASS = YES_ERROR;
				CLANG_WARN_QUOTED_INCLUDE_IN_FRAMEWORK_HEADER = YES;
				CLANG_WARN_RANGE_LOOP_ANALYSIS = YES;
				CLANG_WARN_STRICT_PROTOTYPES = YES;
				CLANG_WARN_SUSPICIOUS_MOVE = YES;
				CLANG_WARN_UNGUARDED_AVAILABILITY = YES_AGGRESSIVE;
				CLANG_WARN_UNREACHABLE_CODE = YES;
				CLANG_WARN__DUPLICATE_METHOD_MATCH = YES;
				COPY_PHASE_STRIP = NO;
				DEBUG_INFORMATION_FORMAT = "dwarf-with-dsym";
				ENABLE_NS_ASSERTIONS = NO;
				ENABLE_STRICT_OBJC_MSGSEND = YES;
				GCC_C_LANGUAGE_STANDARD = gnu11;
				GCC_NO_COMMON_BLOCKS = YES;
				GCC_WARN_64_TO_32_BIT_CONVERSION = YES;
				GCC_WARN_ABOUT_RETURN_TYPE = YES_ERROR;
				GCC_WARN_UNDECLARED_SELECTOR = YES;
				GCC_WARN_UNINITIALIZED_AUTOS = YES_AGGRESSIVE;
				GCC_WARN_UNUSED_FUNCTION = YES;
				GCC_WARN_UNUSED_VARIABLE = YES;
				IPHONEOS_DEPLOYMENT_TARGET = 12.0;
				MTL_ENABLE_DEBUG_INFO = NO;
				MTL_FAST_MATH = YES;
				SDKROOT = iphoneos;
				SWIFT_COMPILATION_MODE = wholemodule;
				SWIFT_OPTIMIZATION_LEVEL = "-O";
				VALIDATE_PRODUCT = YES;
			};
			name = Release;
		};
		BB1BF0C42956A7CD00B84DF1 /* Debug */ = {
			isa = XCBuildConfiguration;
			baseConfigurationReference = 07F133DA3BC41AD3614F3D70 /* Pods-Caller.debug.xcconfig */;
			buildSettings = {
				ASSETCATALOG_COMPILER_APPICON_NAME = AppIcon;
				ASSETCATALOG_COMPILER_GLOBAL_ACCENT_COLOR_NAME = AccentColor;
				CODE_SIGN_STYLE = Automatic;
				CURRENT_PROJECT_VERSION = 1;
				GENERATE_INFOPLIST_FILE = YES;
				INFOPLIST_FILE = Caller/Info.plist;
				INFOPLIST_KEY_UIApplicationSupportsIndirectInputEvents = YES;
				INFOPLIST_KEY_UILaunchStoryboardName = LaunchScreen;
				INFOPLIST_KEY_UIMainStoryboardFile = "";
				INFOPLIST_KEY_UISupportedInterfaceOrientations_iPad = "UIInterfaceOrientationPortrait UIInterfaceOrientationPortraitUpsideDown UIInterfaceOrientationLandscapeLeft UIInterfaceOrientationLandscapeRight";
				INFOPLIST_KEY_UISupportedInterfaceOrientations_iPhone = "UIInterfaceOrientationPortrait UIInterfaceOrientationLandscapeLeft UIInterfaceOrientationLandscapeRight";
				IPHONEOS_DEPLOYMENT_TARGET = 12.0;
				LD_RUNPATH_SEARCH_PATHS = (
					"$(inherited)",
					"@executable_path/Frameworks",
				);
				MARKETING_VERSION = 1.0;
				PRODUCT_BUNDLE_IDENTIFIER = com.xwkj.Caller;
				PRODUCT_NAME = "$(TARGET_NAME)";
				SWIFT_EMIT_LOC_STRINGS = YES;
				SWIFT_VERSION = 5.0;
				TARGETED_DEVICE_FAMILY = "1,2";
			};
			name = Debug;
		};
		BB1BF0C52956A7CD00B84DF1 /* Release */ = {
			isa = XCBuildConfiguration;
			baseConfigurationReference = 55B4EC757DF7FBC45E3CAB25 /* Pods-Caller.release.xcconfig */;
			buildSettings = {
				ASSETCATALOG_COMPILER_APPICON_NAME = AppIcon;
				ASSETCATALOG_COMPILER_GLOBAL_ACCENT_COLOR_NAME = AccentColor;
				CODE_SIGN_STYLE = Automatic;
				CURRENT_PROJECT_VERSION = 1;
				GENERATE_INFOPLIST_FILE = YES;
				INFOPLIST_FILE = Caller/Info.plist;
				INFOPLIST_KEY_UIApplicationSupportsIndirectInputEvents = YES;
				INFOPLIST_KEY_UILaunchStoryboardName = LaunchScreen;
				INFOPLIST_KEY_UIMainStoryboardFile = "";
				INFOPLIST_KEY_UISupportedInterfaceOrientations_iPad = "UIInterfaceOrientationPortrait UIInterfaceOrientationPortraitUpsideDown UIInterfaceOrientationLandscapeLeft UIInterfaceOrientationLandscapeRight";
				INFOPLIST_KEY_UISupportedInterfaceOrientations_iPhone = "UIInterfaceOrientationPortrait UIInterfaceOrientationLandscapeLeft UIInterfaceOrientationLandscapeRight";
				IPHONEOS_DEPLOYMENT_TARGET = 12.0;
				LD_RUNPATH_SEARCH_PATHS = (
					"$(inherited)",
					"@executable_path/Frameworks",
				);
				MARKETING_VERSION = 1.0;
				PRODUCT_BUNDLE_IDENTIFIER = com.xwkj.Caller;
				PRODUCT_NAME = "$(TARGET_NAME)";
				SWIFT_EMIT_LOC_STRINGS = YES;
				SWIFT_VERSION = 5.0;
				TARGETED_DEVICE_FAMILY = "1,2";
			};
			name = Release;
		};
		BB1BF0C72956A7CD00B84DF1 /* Debug */ = {
			isa = XCBuildConfiguration;
			baseConfigurationReference = 3FE8C0C89D2F68A3E6783332 /* Pods-CallerTests.debug.xcconfig */;
			buildSettings = {
				ALWAYS_EMBED_SWIFT_STANDARD_LIBRARIES = YES;
				BUNDLE_LOADER = "$(TEST_HOST)";
				CODE_SIGN_STYLE = Automatic;
				CURRENT_PROJECT_VERSION = 1;
				GENERATE_INFOPLIST_FILE = YES;
				IPHONEOS_DEPLOYMENT_TARGET = 16.0;
				MARKETING_VERSION = 1.0;
				PRODUCT_BUNDLE_IDENTIFIER = com.xwkj.CallerTests;
				PRODUCT_NAME = "$(TARGET_NAME)";
				SWIFT_EMIT_LOC_STRINGS = NO;
				SWIFT_VERSION = 5.0;
				TARGETED_DEVICE_FAMILY = "1,2";
				TEST_HOST = "$(BUILT_PRODUCTS_DIR)/Caller.app/$(BUNDLE_EXECUTABLE_FOLDER_PATH)/Caller";
			};
			name = Debug;
		};
		BB1BF0C82956A7CD00B84DF1 /* Release */ = {
			isa = XCBuildConfiguration;
			baseConfigurationReference = D069F2E8D27E6909D42F4BC1 /* Pods-CallerTests.release.xcconfig */;
			buildSettings = {
				ALWAYS_EMBED_SWIFT_STANDARD_LIBRARIES = YES;
				BUNDLE_LOADER = "$(TEST_HOST)";
				CODE_SIGN_STYLE = Automatic;
				CURRENT_PROJECT_VERSION = 1;
				GENERATE_INFOPLIST_FILE = YES;
				IPHONEOS_DEPLOYMENT_TARGET = 16.0;
				MARKETING_VERSION = 1.0;
				PRODUCT_BUNDLE_IDENTIFIER = com.xwkj.CallerTests;
				PRODUCT_NAME = "$(TARGET_NAME)";
				SWIFT_EMIT_LOC_STRINGS = NO;
				SWIFT_VERSION = 5.0;
				TARGETED_DEVICE_FAMILY = "1,2";
				TEST_HOST = "$(BUILT_PRODUCTS_DIR)/Caller.app/$(BUNDLE_EXECUTABLE_FOLDER_PATH)/Caller";
			};
			name = Release;
		};
		BB1BF0CA2956A7CD00B84DF1 /* Debug */ = {
			isa = XCBuildConfiguration;
			buildSettings = {
				ALWAYS_EMBED_SWIFT_STANDARD_LIBRARIES = YES;
				CODE_SIGN_STYLE = Automatic;
				CURRENT_PROJECT_VERSION = 1;
				GENERATE_INFOPLIST_FILE = YES;
				MARKETING_VERSION = 1.0;
				PRODUCT_BUNDLE_IDENTIFIER = com.xwkj.CallerUITests;
				PRODUCT_NAME = "$(TARGET_NAME)";
				SWIFT_EMIT_LOC_STRINGS = NO;
				SWIFT_VERSION = 5.0;
				TARGETED_DEVICE_FAMILY = "1,2";
				TEST_TARGET_NAME = Caller;
			};
			name = Debug;
		};
		BB1BF0CB2956A7CD00B84DF1 /* Release */ = {
			isa = XCBuildConfiguration;
			buildSettings = {
				ALWAYS_EMBED_SWIFT_STANDARD_LIBRARIES = YES;
				CODE_SIGN_STYLE = Automatic;
				CURRENT_PROJECT_VERSION = 1;
				GENERATE_INFOPLIST_FILE = YES;
				MARKETING_VERSION = 1.0;
				PRODUCT_BUNDLE_IDENTIFIER = com.xwkj.CallerUITests;
				PRODUCT_NAME = "$(TARGET_NAME)";
				SWIFT_EMIT_LOC_STRINGS = NO;
				SWIFT_VERSION = 5.0;
				TARGETED_DEVICE_FAMILY = "1,2";
				TEST_TARGET_NAME = Caller;
			};
			name = Release;
		};
/* End XCBuildConfiguration section */

/* Begin XCConfigurationList section */
		BB1BF0942956A7CC00B84DF1 /* Build configuration list for PBXProject "Caller" */ = {
			isa = XCConfigurationList;
			buildConfigurations = (
				BB1BF0C12956A7CD00B84DF1 /* Debug */,
				BB1BF0C22956A7CD00B84DF1 /* Release */,
			);
			defaultConfigurationIsVisible = 0;
			defaultConfigurationName = Release;
		};
		BB1BF0C32956A7CD00B84DF1 /* Build configuration list for PBXNativeTarget "Caller" */ = {
			isa = XCConfigurationList;
			buildConfigurations = (
				BB1BF0C42956A7CD00B84DF1 /* Debug */,
				BB1BF0C52956A7CD00B84DF1 /* Release */,
			);
			defaultConfigurationIsVisible = 0;
			defaultConfigurationName = Release;
		};
		BB1BF0C62956A7CD00B84DF1 /* Build configuration list for PBXNativeTarget "CallerTests" */ = {
			isa = XCConfigurationList;
			buildConfigurations = (
				BB1BF0C72956A7CD00B84DF1 /* Debug */,
				BB1BF0C82956A7CD00B84DF1 /* Release */,
			);
			defaultConfigurationIsVisible = 0;
			defaultConfigurationName = Release;
		};
		BB1BF0C92956A7CD00B84DF1 /* Build configuration list for PBXNativeTarget "CallerUITests" */ = {
			isa = XCConfigurationList;
			buildConfigurations = (
				BB1BF0CA2956A7CD00B84DF1 /* Debug */,
				BB1BF0CB2956A7CD00B84DF1 /* Release */,
			);
			defaultConfigurationIsVisible = 0;
			defaultConfigurationName = Release;
		};
/* End XCConfigurationList section */
	};
	rootObject = BB1BF0912956A7CC00B84DF1 /* Project object */;
}
